
Microsoft Visual Studio Solution File, Format Version 12.00
# Visual Studio Version 16
VisualStudioVersion = 16.0.31313.79
MinimumVisualStudioVersion = 10.0.40219.1
Project("{8BC9CEB8-8B4A-11D0-8D11-00A0C91BC942}") = "Practica1_MPI", "Practica1_MPI.vcxproj", "{D6A0D898-C9F9-417E-A895-1C616C8A8ED0}"
EndProject
Global
	GlobalSection(SolutionConfigurationPlatforms) = preSolution
		Debug|x64 = Debug|x64
		Debug|x86 = Debug|x86
		Release|x64 = Release|x64
		Release|x86 = Release|x86
	EndGlobalSection
	GlobalSection(ProjectConfigurationPlatforms) = postSolution
		{D6A0D898-C9F9-417E-A895-1C616C8A8ED0}.Debug|x64.ActiveCfg = Debug|x64
		{D6A0D898-C9F9-417E-A895-1C616C8A8ED0}.Debug|x64.Build.0 = Debug|x64
		{D6A0D898-C9F9-417E-A895-1C616C8A8ED0}.Debug|x86.ActiveCfg = Debug|Win32
		{D6A0D898-C9F9-417E-A895-1C616C8A8ED0}.Debug|x86.Build.0 = Debug|Win32
		{D6A0D898-C9F9-417E-A895-1C616C8A8ED0}.Release|x64.ActiveCfg = Release|x64
		{D6A0D898-C9F9-417E-A895-1C616C8A8ED0}.Release|x64.Build.0 = Release|x64
		{D6A0D898-C9F9-417E-A895-1C616C8A8ED0}.Release|x86.ActiveCfg = Release|Win32
		{D6A0D898-C9F9-417E-A895-1C616C8A8ED0}.Release|x86.Build.0 = Release|Win32
	EndGlobalSection
	GlobalSection(SolutionProperties) = preSolution
		HideSolutionNode = FALSE
	EndGlobalSection
	GlobalSection(ExtensibilityGlobals) = postSolution
		SolutionGuid = {0E4CD646-A0AD-439B-8ACD-DF888AE56C0F}
	EndGlobalSection
EndGlobal
